
Microsoft Visual Studio Solution File, Format Version 12.00
# Visual Studio Version 17
VisualStudioVersion = 17.5.33516.290
MinimumVisualStudioVersion = 10.0.40219.1
Project("{9A19103F-16F7-4668-BE54-9A1E7A4F7556}") = "StoreAPI", "StoreAPI\StoreAPI.csproj", "{D9789B23-9F90-48B8-BAB5-546070ED1386}"
EndProject
Project("{FAE04EC0-301F-11D3-BF4B-00C04F79EFBC}") = "StoreAPI.Contracts", "StoreAPI.Contracts\StoreAPI.Contracts.csproj", "{6EC594AE-F1CC-447E-B840-3C9CF5DF6EE9}"
EndProject
Project("{FAE04EC0-301F-11D3-BF4B-00C04F79EFBC}") = "StoreAPI.Domain", "StoreAPI.Domain\StoreAPI.Domain.csproj", "{5ADE45B1-BB6F-48E9-836F-27A233A39F4E}"
EndProject
Project("{FAE04EC0-301F-11D3-BF4B-00C04F79EFBC}") = "StoreAPI.Engines", "StoreAPI.Engines\StoreAPI.Engines.csproj", "{6D5523E7-196F-4A8C-93C4-54A0F438738A}"
EndProject
Project("{FAE04EC0-301F-11D3-BF4B-00C04F79EFBC}") = "StoreAPI.Storage", "StoreAPI.Storage\StoreAPI.Storage.csproj", "{DF5A4610-B929-47DB-AD20-28D664914E2D}"
EndProject
Global
	GlobalSection(SolutionConfigurationPlatforms) = preSolution
		Debug|Any CPU = Debug|Any CPU
		Release|Any CPU = Release|Any CPU
	EndGlobalSection
	GlobalSection(ProjectConfigurationPlatforms) = postSolution
		{D9789B23-9F90-48B8-BAB5-546070ED1386}.Debug|Any CPU.ActiveCfg = Debug|Any CPU
		{D9789B23-9F90-48B8-BAB5-546070ED1386}.Debug|Any CPU.Build.0 = Debug|Any CPU
		{D9789B23-9F90-48B8-BAB5-546070ED1386}.Release|Any CPU.ActiveCfg = Release|Any CPU
		{D9789B23-9F90-48B8-BAB5-546070ED1386}.Release|Any CPU.Build.0 = Release|Any CPU
		{6EC594AE-F1CC-447E-B840-3C9CF5DF6EE9}.Debug|Any CPU.ActiveCfg = Debug|Any CPU
		{6EC594AE-F1CC-447E-B840-3C9CF5DF6EE9}.Debug|Any CPU.Build.0 = Debug|Any CPU
		{6EC594AE-F1CC-447E-B840-3C9CF5DF6EE9}.Release|Any CPU.ActiveCfg = Release|Any CPU
		{6EC594AE-F1CC-447E-B840-3C9CF5DF6EE9}.Release|Any CPU.Build.0 = Release|Any CPU
		{5ADE45B1-BB6F-48E9-836F-27A233A39F4E}.Debug|Any CPU.ActiveCfg = Debug|Any CPU
		{5ADE45B1-BB6F-48E9-836F-27A233A39F4E}.Debug|Any CPU.Build.0 = Debug|Any CPU
		{5ADE45B1-BB6F-48E9-836F-27A233A39F4E}.Release|Any CPU.ActiveCfg = Release|Any CPU
		{5ADE45B1-BB6F-48E9-836F-27A233A39F4E}.Release|Any CPU.Build.0 = Release|Any CPU
		{6D5523E7-196F-4A8C-93C4-54A0F438738A}.Debug|Any CPU.ActiveCfg = Debug|Any CPU
		{6D5523E7-196F-4A8C-93C4-54A0F438738A}.Debug|Any CPU.Build.0 = Debug|Any CPU
		{6D5523E7-196F-4A8C-93C4-54A0F438738A}.Release|Any CPU.ActiveCfg = Release|Any CPU
		{6D5523E7-196F-4A8C-93C4-54A0F438738A}.Release|Any CPU.Build.0 = Release|Any CPU
		{DF5A4610-B929-47DB-AD20-28D664914E2D}.Debug|Any CPU.ActiveCfg = Debug|Any CPU
		{DF5A4610-B929-47DB-AD20-28D664914E2D}.Debug|Any CPU.Build.0 = Debug|Any CPU
		{DF5A4610-B929-47DB-AD20-28D664914E2D}.Release|Any CPU.ActiveCfg = Release|Any CPU
		{DF5A4610-B929-47DB-AD20-28D664914E2D}.Release|Any CPU.Build.0 = Release|Any CPU
	EndGlobalSection
	GlobalSection(SolutionProperties) = preSolution
		HideSolutionNode = FALSE
	EndGlobalSection
	GlobalSection(ExtensibilityGlobals) = postSolution
		SolutionGuid = {1953B9C3-37AF-4493-9F0C-1DA43BF9B1B8}
	EndGlobalSection
EndGlobal
