
Microsoft Visual Studio Solution File, Format Version 12.00
# Visual Studio Version 17
VisualStudioVersion = 17.5.33516.290
MinimumVisualStudioVersion = 10.0.40219.1
Project("{FAE04EC0-301F-11D3-BF4B-00C04F79EFBC}") = "LookupAPI", "LookupAPI\LookupAPI.csproj", "{AE5E7539-7B29-48A1-8436-406295511ABE}"
EndProject
Project("{FAE04EC0-301F-11D3-BF4B-00C04F79EFBC}") = "LookupAPI.Engines", "LookupAPI.Engines\LookupAPI.Engines.csproj", "{8B0BBF2E-FFA7-4CFA-8526-5578019B680E}"
EndProject
Project("{FAE04EC0-301F-11D3-BF4B-00C04F79EFBC}") = "LookupAPI.Storage", "LookupAPI.Storage\LookupAPI.Storage.csproj", "{90E4FCBE-B978-4AC3-8BFC-5177484C989A}"
EndProject
Project("{FAE04EC0-301F-11D3-BF4B-00C04F79EFBC}") = "LookupAPI.Domain", "LookupAPI.Domain\LookupAPI.Domain.csproj", "{66633699-72D8-4637-B9F9-7B5B847D9E47}"
EndProject
Project("{FAE04EC0-301F-11D3-BF4B-00C04F79EFBC}") = "LookupAPI.Contracts", "LookupAPI.Contracts\LookupAPI.Contracts.csproj", "{AD7B5EAE-7878-486D-B901-DEB04B3E59C9}"
EndProject
Global
	GlobalSection(SolutionConfigurationPlatforms) = preSolution
		Debug|Any CPU = Debug|Any CPU
		Release|Any CPU = Release|Any CPU
	EndGlobalSection
	GlobalSection(ProjectConfigurationPlatforms) = postSolution
		{AE5E7539-7B29-48A1-8436-406295511ABE}.Debug|Any CPU.ActiveCfg = Debug|Any CPU
		{AE5E7539-7B29-48A1-8436-406295511ABE}.Debug|Any CPU.Build.0 = Debug|Any CPU
		{AE5E7539-7B29-48A1-8436-406295511ABE}.Release|Any CPU.ActiveCfg = Release|Any CPU
		{AE5E7539-7B29-48A1-8436-406295511ABE}.Release|Any CPU.Build.0 = Release|Any CPU
		{8B0BBF2E-FFA7-4CFA-8526-5578019B680E}.Debug|Any CPU.ActiveCfg = Debug|Any CPU
		{8B0BBF2E-FFA7-4CFA-8526-5578019B680E}.Debug|Any CPU.Build.0 = Debug|Any CPU
		{8B0BBF2E-FFA7-4CFA-8526-5578019B680E}.Release|Any CPU.ActiveCfg = Release|Any CPU
		{8B0BBF2E-FFA7-4CFA-8526-5578019B680E}.Release|Any CPU.Build.0 = Release|Any CPU
		{90E4FCBE-B978-4AC3-8BFC-5177484C989A}.Debug|Any CPU.ActiveCfg = Debug|Any CPU
		{90E4FCBE-B978-4AC3-8BFC-5177484C989A}.Debug|Any CPU.Build.0 = Debug|Any CPU
		{90E4FCBE-B978-4AC3-8BFC-5177484C989A}.Release|Any CPU.ActiveCfg = Release|Any CPU
		{90E4FCBE-B978-4AC3-8BFC-5177484C989A}.Release|Any CPU.Build.0 = Release|Any CPU
		{66633699-72D8-4637-B9F9-7B5B847D9E47}.Debug|Any CPU.ActiveCfg = Debug|Any CPU
		{66633699-72D8-4637-B9F9-7B5B847D9E47}.Debug|Any CPU.Build.0 = Debug|Any CPU
		{66633699-72D8-4637-B9F9-7B5B847D9E47}.Release|Any CPU.ActiveCfg = Release|Any CPU
		{66633699-72D8-4637-B9F9-7B5B847D9E47}.Release|Any CPU.Build.0 = Release|Any CPU
		{AD7B5EAE-7878-486D-B901-DEB04B3E59C9}.Debug|Any CPU.ActiveCfg = Debug|Any CPU
		{AD7B5EAE-7878-486D-B901-DEB04B3E59C9}.Debug|Any CPU.Build.0 = Debug|Any CPU
		{AD7B5EAE-7878-486D-B901-DEB04B3E59C9}.Release|Any CPU.ActiveCfg = Release|Any CPU
		{AD7B5EAE-7878-486D-B901-DEB04B3E59C9}.Release|Any CPU.Build.0 = Release|Any CPU
	EndGlobalSection
	GlobalSection(SolutionProperties) = preSolution
		HideSolutionNode = FALSE
	EndGlobalSection
	GlobalSection(ExtensibilityGlobals) = postSolution
		SolutionGuid = {DCCEA0EA-0BF2-46D0-ACA7-383633FF9F11}
	EndGlobalSection
EndGlobal
